
Microsoft Visual Studio Solution File, Format Version 12.00
# Visual Studio 15
VisualStudioVersion = 15.0.27130.2027
MinimumVisualStudioVersion = 10.0.40219.1
Project("{FAE04EC0-301F-11D3-BF4B-00C04F79EFBC}") = "dashBoard", "dashBoard\dashBoard.csproj", "{98B2388E-B384-4AF0-A63E-50E2645A97B0}"
EndProject
Global
	GlobalSection(SolutionConfigurationPlatforms) = preSolution
		Debug|Any CPU = Debug|Any CPU
		Release|Any CPU = Release|Any CPU
	EndGlobalSection
	GlobalSection(ProjectConfigurationPlatforms) = postSolution
		{98B2388E-B384-4AF0-A63E-50E2645A97B0}.Debug|Any CPU.ActiveCfg = Debug|Any CPU
		{98B2388E-B384-4AF0-A63E-50E2645A97B0}.Debug|Any CPU.Build.0 = Debug|Any CPU
		{98B2388E-B384-4AF0-A63E-50E2645A97B0}.Release|Any CPU.ActiveCfg = Release|Any CPU
		{98B2388E-B384-4AF0-A63E-50E2645A97B0}.Release|Any CPU.Build.0 = Release|Any CPU
	EndGlobalSection
	GlobalSection(SolutionProperties) = preSolution
		HideSolutionNode = FALSE
	EndGlobalSection
	GlobalSection(ExtensibilityGlobals) = postSolution
		SolutionGuid = {3C1FD9CD-1ECE-43A8-8915-30A8325284DA}
	EndGlobalSection
EndGlobal
